
Microsoft Visual Studio Solution File, Format Version 12.00
# Visual Studio 15
VisualStudioVersion = 15.0.28307.1082
MinimumVisualStudioVersion = 10.0.40219.1
Project("{FAE04EC0-301F-11D3-BF4B-00C04F79EFBC}") = "BusinessHouseGame.Test", "BusinessHouseGame.Test\BusinessHouseGame.Test.csproj", "{4329557D-EC04-4AE9-A8D0-2BA9586F54AF}"
EndProject
Project("{FAE04EC0-301F-11D3-BF4B-00C04F79EFBC}") = "BusinessHouseGame", "BusinessHouseGame\BusinessHouseGame.csproj", "{EE151FF2-C866-4DC4-9293-4B80770D7865}"
EndProject
Global
	GlobalSection(SolutionConfigurationPlatforms) = preSolution
		Debug|Any CPU = Debug|Any CPU
		Release|Any CPU = Release|Any CPU
	EndGlobalSection
	GlobalSection(ProjectConfigurationPlatforms) = postSolution
		{4329557D-EC04-4AE9-A8D0-2BA9586F54AF}.Debug|Any CPU.ActiveCfg = Debug|Any CPU
		{4329557D-EC04-4AE9-A8D0-2BA9586F54AF}.Debug|Any CPU.Build.0 = Debug|Any CPU
		{4329557D-EC04-4AE9-A8D0-2BA9586F54AF}.Release|Any CPU.ActiveCfg = Release|Any CPU
		{4329557D-EC04-4AE9-A8D0-2BA9586F54AF}.Release|Any CPU.Build.0 = Release|Any CPU
		{EE151FF2-C866-4DC4-9293-4B80770D7865}.Debug|Any CPU.ActiveCfg = Debug|Any CPU
		{EE151FF2-C866-4DC4-9293-4B80770D7865}.Debug|Any CPU.Build.0 = Debug|Any CPU
		{EE151FF2-C866-4DC4-9293-4B80770D7865}.Release|Any CPU.ActiveCfg = Release|Any CPU
		{EE151FF2-C866-4DC4-9293-4B80770D7865}.Release|Any CPU.Build.0 = Release|Any CPU
	EndGlobalSection
	GlobalSection(SolutionProperties) = preSolution
		HideSolutionNode = FALSE
	EndGlobalSection
	GlobalSection(ExtensibilityGlobals) = postSolution
		SolutionGuid = {C1F13A5F-4900-44C4-8239-D5F8B22C78B9}
	EndGlobalSection
EndGlobal
